
Microsoft Visual Studio Solution File, Format Version 12.00
# Visual Studio 2013
Project("{FAE04EC0-301F-11D3-BF4B-00C04F79EFBC}") = "AVosSouhaits", "AVosSouhaits\AVosSouhaits.csproj", "{3830AE37-144C-4397-833F-9A694C2D4817}"
EndProject
Global
	GlobalSection(SolutionConfigurationPlatforms) = preSolution
		Debug|Any CPU = Debug|Any CPU
		Release|Any CPU = Release|Any CPU
	EndGlobalSection
	GlobalSection(ProjectConfigurationPlatforms) = postSolution
		{3830AE37-144C-4397-833F-9A694C2D4817}.Debug|Any CPU.ActiveCfg = Debug|Any CPU
		{3830AE37-144C-4397-833F-9A694C2D4817}.Debug|Any CPU.Build.0 = Debug|Any CPU
		{3830AE37-144C-4397-833F-9A694C2D4817}.Release|Any CPU.ActiveCfg = Release|Any CPU
		{3830AE37-144C-4397-833F-9A694C2D4817}.Release|Any CPU.Build.0 = Release|Any CPU
	EndGlobalSection
EndGlobal
